
Microsoft Visual Studio Solution File, Format Version 12.00
# Visual Studio Version 17
VisualStudioVersion = 17.3.32825.248
MinimumVisualStudioVersion = 10.0.40219.1
Project("{FAE04EC0-301F-11D3-BF4B-00C04F79EFBC}") = "PassionProject_TiffinSystem", "PassionProject_TiffinSystem\PassionProject_TiffinSystem.csproj", "{0E26184D-4D62-4E2A-9FF8-3D2E362D4F62}"
EndProject
Global
	GlobalSection(SolutionConfigurationPlatforms) = preSolution
		Debug|Any CPU = Debug|Any CPU
		Release|Any CPU = Release|Any CPU
	EndGlobalSection
	GlobalSection(ProjectConfigurationPlatforms) = postSolution
		{0E26184D-4D62-4E2A-9FF8-3D2E362D4F62}.Debug|Any CPU.ActiveCfg = Debug|Any CPU
		{0E26184D-4D62-4E2A-9FF8-3D2E362D4F62}.Debug|Any CPU.Build.0 = Debug|Any CPU
		{0E26184D-4D62-4E2A-9FF8-3D2E362D4F62}.Release|Any CPU.ActiveCfg = Release|Any CPU
		{0E26184D-4D62-4E2A-9FF8-3D2E362D4F62}.Release|Any CPU.Build.0 = Release|Any CPU
	EndGlobalSection
	GlobalSection(SolutionProperties) = preSolution
		HideSolutionNode = FALSE
	EndGlobalSection
	GlobalSection(ExtensibilityGlobals) = postSolution
		SolutionGuid = {EC77AC07-2C67-4F78-A17A-A527E6E48289}
	EndGlobalSection
EndGlobal
